
Microsoft Visual Studio Solution File, Format Version 12.00
# Visual Studio Version 17
VisualStudioVersion = 17.8.34316.72
MinimumVisualStudioVersion = 10.0.40219.1
Project("{FAE04EC0-301F-11D3-BF4B-00C04F79EFBC}") = "LPDCSAPI", "LPDCSAPI.csproj", "{AAA43880-B8EB-4978-B04B-2DDF90F01CA5}"
EndProject
Global
	GlobalSection(SolutionConfigurationPlatforms) = preSolution
		Debug|Any CPU = Debug|Any CPU
		Release|Any CPU = Release|Any CPU
	EndGlobalSection
	GlobalSection(ProjectConfigurationPlatforms) = postSolution
		{AAA43880-B8EB-4978-B04B-2DDF90F01CA5}.Debug|Any CPU.ActiveCfg = Debug|Any CPU
		{AAA43880-B8EB-4978-B04B-2DDF90F01CA5}.Debug|Any CPU.Build.0 = Debug|Any CPU
		{AAA43880-B8EB-4978-B04B-2DDF90F01CA5}.Release|Any CPU.ActiveCfg = Release|Any CPU
		{AAA43880-B8EB-4978-B04B-2DDF90F01CA5}.Release|Any CPU.Build.0 = Release|Any CPU
	EndGlobalSection
	GlobalSection(SolutionProperties) = preSolution
		HideSolutionNode = FALSE
	EndGlobalSection
	GlobalSection(ExtensibilityGlobals) = postSolution
		SolutionGuid = {2DF64055-E7AE-4EA3-9D97-936869E371A1}
	EndGlobalSection
EndGlobal
